<?xml version="1.0" encoding="utf-8"?>
<Project ToolsVersion="4.0" xmlns="http://schemas.microsoft.com/developer/msbuild/2003">
  <ItemGroup>
    <Filter Include="소스 파일">
      <UniqueIdentifier>{4FC737F1-C7A5-4376-A066-2A32D752A2FF}</UniqueIdentifier>
      <Extensions>cpp;c;cc;cxx;def;odl;idl;hpj;bat;asm;asmx</Extensions>
    </Filter>
    <Filter Include="헤더 파일">
      <UniqueIdentifier>{93995380-89BD-4b04-88EB-625FBE52EBFB}</UniqueIdentifier>
      <Extensions>h;hh;hpp;hxx;hm;inl;inc;xsd</Extensions>
    </Filter>
    <Filter Include="리소스 파일">
      <UniqueIdentifier>{67DA6AB6-F800-4c08-8B7A-83BB121AAD01}</UniqueIdentifier>
      <Extensions>rc;ico;cur;bmp;dlg;rc2;rct;bin;rgs;gif;jpg;jpeg;jpe;resx;tiff;tif;png;wav;mfcribbon-ms</Extensions>
    </Filter>
    <Filter Include="헤더 파일\Week4">
      <UniqueIdentifier>{d4d1ba79-dcb1-49a9-802f-38a4df8e654f}</UniqueIdentifier>
    </Filter>
    <Filter Include="소스 파일\Week4">
      <UniqueIdentifier>{95839233-bb61-41ae-8dd6-dd0843051729}</UniqueIdentifier>
    </Filter>
    <Filter Include="헤더 파일\Week6">
      <UniqueIdentifier>{74ecb941-39f0-48aa-b20f-bcf2033e4cb0}</UniqueIdentifier>
    </Filter>
    <Filter Include="소스 파일\Week6">
      <UniqueIdentifier>{85412ed5-8143-4970-a2d0-1478453ffe44}</UniqueIdentifier>
    </Filter>
    <Filter Include="소스 파일\Week7">
      <UniqueIdentifier>{63ac6277-2526-4c08-96be-01f8d299a348}</UniqueIdentifier>
    </Filter>
    <Filter Include="헤더 파일\Week7">
      <UniqueIdentifier>{3f18bc84-b2f3-4f3b-b2db-ac69c9e1bc56}</UniqueIdentifier>
    </Filter>
    <Filter Include="소스 파일\Week8">
      <UniqueIdentifier>{0253522d-4677-4f7d-ba37-721d13e69e51}</UniqueIdentifier>
    </Filter>
    <Filter Include="헤더 파일\Week8">
      <UniqueIdentifier>{791706d0-df88-428d-acb4-62ed96256596}</UniqueIdentifier>
    </Filter>
    <Filter Include="소스 파일\Week10">
      <UniqueIdentifier>{27b8b41d-ece8-4636-8887-0b7395a4e665}</UniqueIdentifier>
    </Filter>
    <Filter Include="헤더 파일\Week10">
      <UniqueIdentifier>{5e1aff37-423a-4126-9aea-17ec270c28ab}</UniqueIdentifier>
    </Filter>
    <Filter Include="소스 파일\Week11">
      <UniqueIdentifier>{4e857ce5-99bb-4767-873e-8bc4f63fd899}</UniqueIdentifier>
    </Filter>
    <Filter Include="헤더 파일\Week11">
      <UniqueIdentifier>{b08ace28-437b-4538-84bd-93cbee33b04a}</UniqueIdentifier>
    </Filter>
    <Filter Include="소스 파일\Week13">
      <UniqueIdentifier>{99f4c886-2933-4e43-aee2-c008d46eb44a}</UniqueIdentifier>
    </Filter>
    <Filter Include="헤더 파일\Week13">
      <UniqueIdentifier>{0cc27ff5-15ac-4634-86bb-cfb0f3ef27b3}</UniqueIdentifier>
    </Filter>
    <Filter Include="헤더 파일\Week14">
      <UniqueIdentifier>{d062abcf-be28-4b08-bb29-fbc61ad90691}</UniqueIdentifier>
    </Filter>
    <Filter Include="소스 파일\Week14">
      <UniqueIdentifier>{7b2f463b-1461-4539-ab4f-6d4f8e13c570}</UniqueIdentifier>
    </Filter>
  </ItemGroup>
  <ItemGroup>
    <ClCompile Include="Sources\Main.cpp">
      <Filter>소스 파일</Filter>
    </ClCompile>
    <ClCompile Include="Sources\Week4\Week4Manager.cpp">
      <Filter>소스 파일\Week4</Filter>
    </ClCompile>
    <ClCompile Include="Sources\Week6\Week6Manager.cpp">
      <Filter>소스 파일\Week6</Filter>
    </ClCompile>
    <ClCompile Include="Sources\WeekManagerBase.cpp">
      <Filter>소스 파일</Filter>
    </ClCompile>
    <ClCompile Include="Sources\Week7\Week7Manager.cpp">
      <Filter>소스 파일\Week7</Filter>
    </ClCompile>
    <ClCompile Include="Sources\Week8\Week8Manager.cpp">
      <Filter>소스 파일\Week8</Filter>
    </ClCompile>
    <ClCompile Include="Sources\Week10\Week10Manager.cpp">
      <Filter>소스 파일\Week10</Filter>
    </ClCompile>
    <ClCompile Include="Sources\Week11\Week11Manager.cpp">
      <Filter>소스 파일\Week11</Filter>
    </ClCompile>
    <ClCompile Include="Sources\Week13\Week13Manager.cpp">
      <Filter>소스 파일\Week13</Filter>
    </ClCompile>
    <ClCompile Include="Sources\Week14\Week14Manager.cpp">
      <Filter>소스 파일\Week14</Filter>
    </ClCompile>
  </ItemGroup>
  <ItemGroup>
    <ClInclude Include="Sources\Manager.h">
      <Filter>헤더 파일</Filter>
    </ClInclude>
    <ClInclude Include="Sources\Week4\Week4Manager.h">
      <Filter>헤더 파일\Week4</Filter>
    </ClInclude>
    <ClInclude Include="Sources\Week6\Week6Manager.h">
      <Filter>헤더 파일\Week6</Filter>
    </ClInclude>
    <ClInclude Include="Sources\WeekManagerBase.h">
      <Filter>헤더 파일</Filter>
    </ClInclude>
    <ClInclude Include="Sources\Stdafx.h">
      <Filter>헤더 파일</Filter>
    </ClInclude>
    <ClInclude Include="Sources\Week7\Week7Manager.h">
      <Filter>헤더 파일\Week7</Filter>
    </ClInclude>
    <ClInclude Include="Sources\Week8\Week8Manager.h">
      <Filter>헤더 파일\Week8</Filter>
    </ClInclude>
    <ClInclude Include="Sources\Week10\Week10Manager.h">
      <Filter>헤더 파일\Week10</Filter>
    </ClInclude>
    <ClInclude Include="Sources\Week11\Week11Manager.h">
      <Filter>헤더 파일\Week11</Filter>
    </ClInclude>
    <ClInclude Include="Sources\Week13\Week13Manager.h">
      <Filter>헤더 파일\Week13</Filter>
    </ClInclude>
    <ClInclude Include="Sources\Week14\Week14Manager.h">
      <Filter>헤더 파일\Week14</Filter>
    </ClInclude>
  </ItemGroup>
</Project>